// !$*UTF8*$!
{
	archiveVersion = 1;
	classes = {
	};
	objectVersion = 46;
	objects = {

/* Begin PBXFileReference section */
		327CF342201BE6B100361AC5 /* examples */ = {isa = PBXFileReference; lastKnownFileType = folder; name = examples; path = ../examples; sourceTree = "<group>"; };
		328BFAE320191A6800860F7F /* ACNode.cpp */ = {isa = PBXFileReference; fileEncoding = 4; lastKnownFileType = sourcecode.cpp.cpp; name = ACNode.cpp; path = ../src/ACNode.cpp; sourceTree = "<group>"; };
		328BFAE420191A6800860F7F /* ACNode.h */ = {isa = PBXFileReference; fileEncoding = 4; lastKnownFileType = sourcecode.c.h; name = ACNode.h; path = ../src/ACNode.h; sourceTree = "<group>"; };
		328BFAE520191A6800860F7F /* MqttLogStream.h */ = {isa = PBXFileReference; fileEncoding = 4; lastKnownFileType = sourcecode.c.h; name = MqttLogStream.h; path = ../src/MqttLogStream.h; sourceTree = "<group>"; };
		328BFAE620191A6800860F7F /* SyslogStream.h */ = {isa = PBXFileReference; fileEncoding = 4; lastKnownFileType = sourcecode.c.h; name = SyslogStream.h; path = ../src/SyslogStream.h; sourceTree = "<group>"; };
		328BFAE720191A6800860F7F /* SyslogStream.cpp */ = {isa = PBXFileReference; fileEncoding = 4; lastKnownFileType = sourcecode.cpp.cpp; name = SyslogStream.cpp; path = ../src/SyslogStream.cpp; sourceTree = "<group>"; };
		328BFAE820191A6800860F7F /* MqttLogStream.cpp */ = {isa = PBXFileReference; fileEncoding = 4; lastKnownFileType = sourcecode.cpp.cpp; name = MqttLogStream.cpp; path = ../src/MqttLogStream.cpp; sourceTree = "<group>"; };
		328BFAE920191A6800860F7F /* MakerSpaceMQTT.h */ = {isa = PBXFileReference; fileEncoding = 4; lastKnownFileType = sourcecode.c.h; name = MakerSpaceMQTT.h; path = ../src/MakerSpaceMQTT.h; sourceTree = "<group>"; };
		328BFAEA20191A6800860F7F /* MakerSpaceMQTT.cpp */ = {isa = PBXFileReference; fileEncoding = 4; lastKnownFileType = sourcecode.cpp.cpp; name = MakerSpaceMQTT.cpp; path = ../src/MakerSpaceMQTT.cpp; sourceTree = "<group>"; };
		328BFAEB20191A6800860F7F /* RFID.cpp */ = {isa = PBXFileReference; fileEncoding = 4; lastKnownFileType = sourcecode.cpp.cpp; name = RFID.cpp; path = ../src/RFID.cpp; sourceTree = "<group>"; };
		328BFAEC20191A6800860F7F /* RFID.h */ = {isa = PBXFileReference; fileEncoding = 4; lastKnownFileType = sourcecode.c.h; name = RFID.h; path = ../src/RFID.h; sourceTree = "<group>"; };
		328BFAED20191A6800860F7F /* ACBase.h */ = {isa = PBXFileReference; fileEncoding = 4; lastKnownFileType = sourcecode.c.h; name = ACBase.h; path = ../src/ACBase.h; sourceTree = "<group>"; };
		328BFAEE20191A6800860F7F /* ACBase.cpp */ = {isa = PBXFileReference; fileEncoding = 4; lastKnownFileType = sourcecode.cpp.cpp; name = ACBase.cpp; path = ../src/ACBase.cpp; sourceTree = "<group>"; };
		328BFAEF20191A6800860F7F /* MSL.h */ = {isa = PBXFileReference; fileEncoding = 4; lastKnownFileType = sourcecode.c.h; name = MSL.h; path = ../src/MSL.h; sourceTree = "<group>"; };
		328BFAF020191A6800860F7F /* MSL.cpp */ = {isa = PBXFileReference; fileEncoding = 4; lastKnownFileType = sourcecode.cpp.cpp; name = MSL.cpp; path = ../src/MSL.cpp; sourceTree = "<group>"; };
		328BFAF120191A6800860F7F /* OTA.h */ = {isa = PBXFileReference; fileEncoding = 4; lastKnownFileType = sourcecode.c.h; name = OTA.h; path = ../src/OTA.h; sourceTree = "<group>"; };
		328BFAF220191A6800860F7F /* OTA.cpp */ = {isa = PBXFileReference; fileEncoding = 4; lastKnownFileType = sourcecode.cpp.cpp; name = OTA.cpp; path = ../src/OTA.cpp; sourceTree = "<group>"; };
		328BFAF320191A6800860F7F /* WiredEthernet.cpp */ = {isa = PBXFileReference; fileEncoding = 4; lastKnownFileType = sourcecode.cpp.cpp; name = WiredEthernet.cpp; path = ../src/WiredEthernet.cpp; sourceTree = "<group>"; };
		328BFAF420191A6800860F7F /* SIG1.cpp */ = {isa = PBXFileReference; fileEncoding = 4; lastKnownFileType = sourcecode.cpp.cpp; name = SIG1.cpp; path = ../src/SIG1.cpp; sourceTree = "<group>"; };
		328BFAF520191A6800860F7F /* SIG1.h */ = {isa = PBXFileReference; fileEncoding = 4; lastKnownFileType = sourcecode.c.h; name = SIG1.h; path = ../src/SIG1.h; sourceTree = "<group>"; };
		328BFAF620191A6800860F7F /* WiredEthernet.h */ = {isa = PBXFileReference; fileEncoding = 4; lastKnownFileType = sourcecode.c.h; name = WiredEthernet.h; path = ../src/WiredEthernet.h; sourceTree = "<group>"; };
		328BFAF720191A6800860F7F /* SIG2.cpp */ = {isa = PBXFileReference; fileEncoding = 4; lastKnownFileType = sourcecode.cpp.cpp; name = SIG2.cpp; path = ../src/SIG2.cpp; sourceTree = "<group>"; };
		328BFAF820191A6800860F7F /* SIG2.h */ = {isa = PBXFileReference; fileEncoding = 4; lastKnownFileType = sourcecode.c.h; name = SIG2.h; path = ../src/SIG2.h; sourceTree = "<group>"; };
		328BFAF920191A6800860F7F /* LEDs.cpp */ = {isa = PBXFileReference; fileEncoding = 4; lastKnownFileType = sourcecode.cpp.cpp; name = LEDs.cpp; path = ../src/LEDs.cpp; sourceTree = "<group>"; };
		328BFAFA20191A6800860F7F /* LEDs.h */ = {isa = PBXFileReference; fileEncoding = 4; lastKnownFileType = sourcecode.c.h; name = LEDs.h; path = ../src/LEDs.h; sourceTree = "<group>"; };
		328BFAFB20191A6800860F7F /* ConfigPortal.h */ = {isa = PBXFileReference; fileEncoding = 4; lastKnownFileType = sourcecode.c.h; name = ConfigPortal.h; path = ../src/ConfigPortal.h; sourceTree = "<group>"; };
		328BFAFC20191A6800860F7F /* ConfigPortal.cpp */ = {isa = PBXFileReference; fileEncoding = 4; lastKnownFileType = sourcecode.cpp.cpp; name = ConfigPortal.cpp; path = ../src/ConfigPortal.cpp; sourceTree = "<group>"; };
		328BFAFD20191A6800860F7F /* Beat.cpp */ = {isa = PBXFileReference; fileEncoding = 4; lastKnownFileType = sourcecode.cpp.cpp; name = Beat.cpp; path = ../src/Beat.cpp; sourceTree = "<group>"; };
		328BFAFE20191A6800860F7F /* Beat.h */ = {isa = PBXFileReference; fileEncoding = 4; lastKnownFileType = sourcecode.c.h; name = Beat.h; path = ../src/Beat.h; sourceTree = "<group>"; };
		328BFAFF20191A6800860F7F /* Signaling.h */ = {isa = PBXFileReference; fileEncoding = 4; lastKnownFileType = sourcecode.c.h; name = Signaling.h; path = ../src/Signaling.h; sourceTree = "<group>"; };
/* End PBXFileReference section */

/* Begin PBXGroup section */
		327CF14B201B6DCE00361AC5 /* includes */ = {
			isa = PBXGroup;
			children = (
				328BFAF620191A6800860F7F /* WiredEthernet.h */,
				328BFAFA20191A6800860F7F /* LEDs.h */,
				328BFAFB20191A6800860F7F /* ConfigPortal.h */,
				328BFAFF20191A6800860F7F /* Signaling.h */,
				328BFAE920191A6800860F7F /* MakerSpaceMQTT.h */,
				328BFAE420191A6800860F7F /* ACNode.h */,
				328BFAEC20191A6800860F7F /* RFID.h */,
				328BFAF120191A6800860F7F /* OTA.h */,
				328BFAED20191A6800860F7F /* ACBase.h */,
				328BFAE520191A6800860F7F /* MqttLogStream.h */,
				328BFAE620191A6800860F7F /* SyslogStream.h */,
			);
			name = includes;
			sourceTree = "<group>";
		};
		327CF14C201B6DD400361AC5 /* src */ = {
			isa = PBXGroup;
			children = (
				328BFAEE20191A6800860F7F /* ACBase.cpp */,
				328BFAE320191A6800860F7F /* ACNode.cpp */,
				327CF14E201B6E0C00361AC5 /* Security Handlers */,
				327CF14D201B6E0200361AC5 /* Logging Handlers */,
			);
			name = src;
			sourceTree = "<group>";
		};
		327CF14D201B6E0200361AC5 /* Logging Handlers */ = {
			isa = PBXGroup;
			children = (
				328BFAE820191A6800860F7F /* MqttLogStream.cpp */,
			);
			name = "Logging Handlers";
			sourceTree = "<group>";
		};
		327CF14E201B6E0C00361AC5 /* Security Handlers */ = {
			isa = PBXGroup;
			children = (
				328BFAFE20191A6800860F7F /* Beat.h */,
				328BFAFD20191A6800860F7F /* Beat.cpp */,
				328BFAEF20191A6800860F7F /* MSL.h */,
				328BFAF020191A6800860F7F /* MSL.cpp */,
				328BFAF520191A6800860F7F /* SIG1.h */,
				328BFAF420191A6800860F7F /* SIG1.cpp */,
				328BFAF820191A6800860F7F /* SIG2.h */,
				328BFAF720191A6800860F7F /* SIG2.cpp */,
			);
			name = "Security Handlers";
			sourceTree = "<group>";
		};
		328BFAD820191A5000860F7F = {
			isa = PBXGroup;
			children = (
				327CF342201BE6B100361AC5 /* examples */,
				327CF14B201B6DCE00361AC5 /* includes */,
				327CF14C201B6DD400361AC5 /* src */,
				328BFAE720191A6800860F7F /* SyslogStream.cpp */,
				328BFAFC20191A6800860F7F /* ConfigPortal.cpp */,
				328BFAEA20191A6800860F7F /* MakerSpaceMQTT.cpp */,
				328BFAEB20191A6800860F7F /* RFID.cpp */,
				328BFAF220191A6800860F7F /* OTA.cpp */,
				328BFAF320191A6800860F7F /* WiredEthernet.cpp */,
				328BFAF920191A6800860F7F /* LEDs.cpp */,
			);
			sourceTree = "<group>";
		};
/* End PBXGroup section */

/* Begin PBXLegacyTarget section */
		328BFADD20191A5000860F7F /* ACNode */ = {
			isa = PBXLegacyTarget;
			buildArgumentsString = "-compile -logger=machine -hardware /Applications/Arduino.app/Contents/Java/hardware -hardware /Users/dirkx/Library/Arduino15/packages -hardware /Users/dirkx/Documents/Arduino/hardware -tools /Applications/Arduino.app/Contents/Java/tools-builder -tools /Applications/Arduino.app/Contents/Java/hardware/tools/avr -tools /Users/dirkx/Library/Arduino15/packages -built-in-libraries /Applications/Arduino.app/Contents/Java/libraries -libraries /Users/dirkx/Documents/Arduino/libraries -fqbn=espressif:esp32:esp32:FlashMode=qio,FlashFreq=80,FlashSize=4M,UploadSpeed=921600,DebugLevel=verbose -ide-version=10805 -build-path /var/folders/h9/_76ts6tx2pvfg1fcn7234rbr0000gn/T/arduino_build_855307 -warnings=all -build-cache /var/folders/h9/_76ts6tx2pvfg1fcn7234rbr0000gn/T/arduino_cache_516040 -prefs=build.warn_data_percentage=75 -verbose /Users/dirkx/Personal/random-open-source/AccesSystem/lib-arduino/ACNode/examples/DoorNode/DoorNode.ino";
			buildConfigurationList = 328BFAE020191A5000860F7F /* Build configuration list for PBXLegacyTarget "ACNode" */;
			buildPhases = (
			);
			buildToolPath = "/Applications/Arduino.app/Contents/Java/arduino-builder";
			buildWorkingDirectory = "";
			dependencies = (
			);
			name = ACNode;
			passBuildSettingsInEnvironment = 1;
			productName = ACNode;
		};
/* End PBXLegacyTarget section */

/* Begin PBXProject section */
		328BFAD920191A5000860F7F /* Project object */ = {
			isa = PBXProject;
			attributes = {
				LastUpgradeCheck = 0820;
				ORGANIZATIONNAME = "Dirk-Willem van Gulik";
				TargetAttributes = {
					328BFADD20191A5000860F7F = {
						CreatedOnToolsVersion = 8.2.1;
						DevelopmentTeam = HN29PWT4WM;
						ProvisioningStyle = Automatic;
					};
				};
			};
			buildConfigurationList = 328BFADC20191A5000860F7F /* Build configuration list for PBXProject "ACNode" */;
			compatibilityVersion = "Xcode 3.2";
			developmentRegion = English;
			hasScannedForEncodings = 0;
			knownRegions = (
				en,
			);
			mainGroup = 328BFAD820191A5000860F7F;
			projectDirPath = "";
			projectRoot = "";
			targets = (
				328BFADD20191A5000860F7F /* ACNode */,
			);
		};
/* End PBXProject section */

/* Begin XCBuildConfiguration section */
		328BFADE20191A5000860F7F /* Debug */ = {
			isa = XCBuildConfiguration;
			buildSettings = {
				ALWAYS_SEARCH_USER_PATHS = NO;
				CLANG_ANALYZER_NONNULL = YES;
				CLANG_CXX_LANGUAGE_STANDARD = "gnu++0x";
				CLANG_CXX_LIBRARY = "libc++";
				CLANG_ENABLE_MODULES = YES;
				CLANG_ENABLE_OBJC_ARC = YES;
				CLANG_WARN_BOOL_CONVERSION = YES;
				CLANG_WARN_CONSTANT_CONVERSION = YES;
				CLANG_WARN_DIRECT_OBJC_ISA_USAGE = YES_ERROR;
				CLANG_WARN_DOCUMENTATION_COMMENTS = YES;
				CLANG_WARN_EMPTY_BODY = YES;
				CLANG_WARN_ENUM_CONVERSION = YES;
				CLANG_WARN_INFINITE_RECURSION = YES;
				CLANG_WARN_INT_CONVERSION = YES;
				CLANG_WARN_OBJC_ROOT_CLASS = YES_ERROR;
				CLANG_WARN_SUSPICIOUS_MOVE = YES;
				CLANG_WARN_UNREACHABLE_CODE = YES;
				CLANG_WARN__DUPLICATE_METHOD_MATCH = YES;
				COPY_PHASE_STRIP = NO;
				DEBUG_INFORMATION_FORMAT = dwarf;
				ENABLE_STRICT_OBJC_MSGSEND = YES;
				ENABLE_TESTABILITY = YES;
				GCC_C_LANGUAGE_STANDARD = gnu99;
				GCC_DYNAMIC_NO_PIC = NO;
				GCC_NO_COMMON_BLOCKS = YES;
				GCC_OPTIMIZATION_LEVEL = 0;
				GCC_PREPROCESSOR_DEFINITIONS = (
					"DEBUG=1",
					"$(inherited)",
				);
				GCC_WARN_64_TO_32_BIT_CONVERSION = YES;
				GCC_WARN_ABOUT_RETURN_TYPE = YES_ERROR;
				GCC_WARN_UNDECLARED_SELECTOR = YES;
				GCC_WARN_UNINITIALIZED_AUTOS = YES_AGGRESSIVE;
				GCC_WARN_UNUSED_FUNCTION = YES;
				GCC_WARN_UNUSED_VARIABLE = YES;
				MTL_ENABLE_DEBUG_INFO = YES;
				ONLY_ACTIVE_ARCH = YES;
			};
			name = Debug;
		};
		328BFADF20191A5000860F7F /* Release */ = {
			isa = XCBuildConfiguration;
			buildSettings = {
				ALWAYS_SEARCH_USER_PATHS = NO;
				CLANG_ANALYZER_NONNULL = YES;
				CLANG_CXX_LANGUAGE_STANDARD = "gnu++0x";
				CLANG_CXX_LIBRARY = "libc++";
				CLANG_ENABLE_MODULES = YES;
				CLANG_ENABLE_OBJC_ARC = YES;
				CLANG_WARN_BOOL_CONVERSION = YES;
				CLANG_WARN_CONSTANT_CONVERSION = YES;
				CLANG_WARN_DIRECT_OBJC_ISA_USAGE = YES_ERROR;
				CLANG_WARN_DOCUMENTATION_COMMENTS = YES;
				CLANG_WARN_EMPTY_BODY = YES;
				CLANG_WARN_ENUM_CONVERSION = YES;
				CLANG_WARN_INFINITE_RECURSION = YES;
				CLANG_WARN_INT_CONVERSION = YES;
				CLANG_WARN_OBJC_ROOT_CLASS = YES_ERROR;
				CLANG_WARN_SUSPICIOUS_MOVE = YES;
				CLANG_WARN_UNREACHABLE_CODE = YES;
				CLANG_WARN__DUPLICATE_METHOD_MATCH = YES;
				COPY_PHASE_STRIP = NO;
				DEBUG_INFORMATION_FORMAT = "dwarf-with-dsym";
				ENABLE_NS_ASSERTIONS = NO;
				ENABLE_STRICT_OBJC_MSGSEND = YES;
				GCC_C_LANGUAGE_STANDARD = gnu99;
				GCC_NO_COMMON_BLOCKS = YES;
				GCC_WARN_64_TO_32_BIT_CONVERSION = YES;
				GCC_WARN_ABOUT_RETURN_TYPE = YES_ERROR;
				GCC_WARN_UNDECLARED_SELECTOR = YES;
				GCC_WARN_UNINITIALIZED_AUTOS = YES_AGGRESSIVE;
				GCC_WARN_UNUSED_FUNCTION = YES;
				GCC_WARN_UNUSED_VARIABLE = YES;
				MTL_ENABLE_DEBUG_INFO = NO;
			};
			name = Release;
		};
		328BFAE120191A5000860F7F /* Debug */ = {
			isa = XCBuildConfiguration;
			buildSettings = {
				DEBUGGING_SYMBOLS = YES;
				DEBUG_INFORMATION_FORMAT = dwarf;
				DEVELOPMENT_TEAM = HN29PWT4WM;
				GCC_GENERATE_DEBUGGING_SYMBOLS = YES;
				GCC_OPTIMIZATION_LEVEL = 0;
				OTHER_CFLAGS = "";
				OTHER_LDFLAGS = "";
				PRODUCT_NAME = "$(TARGET_NAME)";
			};
			name = Debug;
		};
		328BFAE220191A5000860F7F /* Release */ = {
			isa = XCBuildConfiguration;
			buildSettings = {
				DEBUG_INFORMATION_FORMAT = "dwarf-with-dsym";
				DEVELOPMENT_TEAM = HN29PWT4WM;
				OTHER_CFLAGS = "";
				OTHER_LDFLAGS = "";
				PRODUCT_NAME = "$(TARGET_NAME)";
			};
			name = Release;
		};
/* End XCBuildConfiguration section */

/* Begin XCConfigurationList section */
		328BFADC20191A5000860F7F /* Build configuration list for PBXProject "ACNode" */ = {
			isa = XCConfigurationList;
			buildConfigurations = (
				328BFADE20191A5000860F7F /* Debug */,
				328BFADF20191A5000860F7F /* Release */,
			);
			defaultConfigurationIsVisible = 0;
			defaultConfigurationName = Release;
		};
		328BFAE020191A5000860F7F /* Build configuration list for PBXLegacyTarget "ACNode" */ = {
			isa = XCConfigurationList;
			buildConfigurations = (
				328BFAE120191A5000860F7F /* Debug */,
				328BFAE220191A5000860F7F /* Release */,
			);
			defaultConfigurationIsVisible = 0;
			defaultConfigurationName = Release;
		};
/* End XCConfigurationList section */
	};
	rootObject = 328BFAD920191A5000860F7F /* Project object */;
}
